
Microsoft Visual Studio Solution File, Format Version 12.00
# Visual Studio Version 16
VisualStudioVersion = 16.0.30907.101
MinimumVisualStudioVersion = 10.0.40219.1
Project("{9092AA53-FB77-4645-B42D-1CCCA6BD08BD}") = "BracelUSWEB", "BracelUSWEB\BracelUSWEB.njsproj", "{60F4F947-C7F8-472E-AF2D-D6AF828B774F}"
EndProject
Global
	GlobalSection(SolutionConfigurationPlatforms) = preSolution
		Debug|Any CPU = Debug|Any CPU
		Release|Any CPU = Release|Any CPU
	EndGlobalSection
	GlobalSection(ProjectConfigurationPlatforms) = postSolution
		{60F4F947-C7F8-472E-AF2D-D6AF828B774F}.Debug|Any CPU.ActiveCfg = Debug|Any CPU
		{60F4F947-C7F8-472E-AF2D-D6AF828B774F}.Debug|Any CPU.Build.0 = Debug|Any CPU
		{60F4F947-C7F8-472E-AF2D-D6AF828B774F}.Release|Any CPU.ActiveCfg = Release|Any CPU
		{60F4F947-C7F8-472E-AF2D-D6AF828B774F}.Release|Any CPU.Build.0 = Release|Any CPU
	EndGlobalSection
	GlobalSection(SolutionProperties) = preSolution
		HideSolutionNode = FALSE
	EndGlobalSection
	GlobalSection(ExtensibilityGlobals) = postSolution
		SolutionGuid = {4151B6CB-8C48-4FA6-9C98-1F44D127D2D3}
	EndGlobalSection
EndGlobal
